dependencies:
- name: postgresql
  repository: https://charts.bitnami.com/bitnami
  version: 16.6.7
- name: postgresql-ha
  repository: https://charts.bitnami.com/bitnami
  version: 9.4.11
- name: redis
  repository: https://charts.bitnami.com/bitnami
  version: 21.0.0
digest: sha256:159221828f6ee410437e65edfddc294f553726d2f14804f70c6934aedd8220e3
generated: "2025-05-06T19:20:19.647392203Z"
